
Microsoft Visual Studio Solution File, Format Version 12.00
# Visual Studio Version 16
VisualStudioVersion = 16.0.30804.86
MinimumVisualStudioVersion = 10.0.40219.1
Project("{9A19103F-16F7-4668-BE54-9A1E7A4F7556}") = "SeleniumProject", "SeleniumProject\SeleniumProject.csproj", "{8FBFD4CD-EC6D-41EC-9955-290D59264D34}"
EndProject
Project("{9A19103F-16F7-4668-BE54-9A1E7A4F7556}") = "ConsoleApp1", "ConsoleApp1\ConsoleApp1.csproj", "{EAFD6679-F236-405C-A2DB-B0178FDAFA0E}"
EndProject
Global
	GlobalSection(SolutionConfigurationPlatforms) = preSolution
		Debug|Any CPU = Debug|Any CPU
		Debug|x86 = Debug|x86
		Release|Any CPU = Release|Any CPU
		Release|x86 = Release|x86
	EndGlobalSection
	GlobalSection(ProjectConfigurationPlatforms) = postSolution
		{8FBFD4CD-EC6D-41EC-9955-290D59264D34}.Debug|Any CPU.ActiveCfg = Debug|Any CPU
		{8FBFD4CD-EC6D-41EC-9955-290D59264D34}.Debug|Any CPU.Build.0 = Debug|Any CPU
		{8FBFD4CD-EC6D-41EC-9955-290D59264D34}.Debug|x86.ActiveCfg = Debug|Any CPU
		{8FBFD4CD-EC6D-41EC-9955-290D59264D34}.Debug|x86.Build.0 = Debug|Any CPU
		{8FBFD4CD-EC6D-41EC-9955-290D59264D34}.Release|Any CPU.ActiveCfg = Release|Any CPU
		{8FBFD4CD-EC6D-41EC-9955-290D59264D34}.Release|Any CPU.Build.0 = Release|Any CPU
		{8FBFD4CD-EC6D-41EC-9955-290D59264D34}.Release|x86.ActiveCfg = Release|Any CPU
		{8FBFD4CD-EC6D-41EC-9955-290D59264D34}.Release|x86.Build.0 = Release|Any CPU
		{EAFD6679-F236-405C-A2DB-B0178FDAFA0E}.Debug|Any CPU.ActiveCfg = Debug|Any CPU
		{EAFD6679-F236-405C-A2DB-B0178FDAFA0E}.Debug|Any CPU.Build.0 = Debug|Any CPU
		{EAFD6679-F236-405C-A2DB-B0178FDAFA0E}.Debug|x86.ActiveCfg = Debug|x86
		{EAFD6679-F236-405C-A2DB-B0178FDAFA0E}.Debug|x86.Build.0 = Debug|x86
		{EAFD6679-F236-405C-A2DB-B0178FDAFA0E}.Release|Any CPU.ActiveCfg = Release|Any CPU
		{EAFD6679-F236-405C-A2DB-B0178FDAFA0E}.Release|Any CPU.Build.0 = Release|Any CPU
		{EAFD6679-F236-405C-A2DB-B0178FDAFA0E}.Release|x86.ActiveCfg = Release|x86
		{EAFD6679-F236-405C-A2DB-B0178FDAFA0E}.Release|x86.Build.0 = Release|x86
	EndGlobalSection
	GlobalSection(SolutionProperties) = preSolution
		HideSolutionNode = FALSE
	EndGlobalSection
	GlobalSection(ExtensibilityGlobals) = postSolution
		SolutionGuid = {7B35E4D6-DD1B-498C-A46C-7F5554AC141A}
	EndGlobalSection
EndGlobal
